Microsoft Visual Studio Solution File, Format Version 12.00
# Visual Studio Version 17
VisualStudioVersion = 17.5.2.0
MinimumVisualStudioVersion = 10.0.40219.1
Project("{FAE04EC0-301F-11D3-BF4B-00C04F79EFBC}") = "temperature", "temperature.csproj", "{AA7621F7-D994-0863-D469-2A2EEC087883}"
EndProject
Global
	GlobalSection(SolutionConfigurationPlatforms) = preSolution
		Debug|Any CPU = Debug|Any CPU
		Release|Any CPU = Release|Any CPU
	EndGlobalSection
	GlobalSection(ProjectConfigurationPlatforms) = postSolution
		{AA7621F7-D994-0863-D469-2A2EEC087883}.Debug|Any CPU.ActiveCfg = Debug|Any CPU
		{AA7621F7-D994-0863-D469-2A2EEC087883}.Debug|Any CPU.Build.0 = Debug|Any CPU
		{AA7621F7-D994-0863-D469-2A2EEC087883}.Release|Any CPU.ActiveCfg = Release|Any CPU
		{AA7621F7-D994-0863-D469-2A2EEC087883}.Release|Any CPU.Build.0 = Release|Any CPU
	EndGlobalSection
	GlobalSection(SolutionProperties) = preSolution
		HideSolutionNode = FALSE
	EndGlobalSection
	GlobalSection(ExtensibilityGlobals) = postSolution
		SolutionGuid = {120D31C2-216B-4F4A-B844-AAC0B3AD1097}
	EndGlobalSection
EndGlobal
